<?xml version="1.0" encoding="UTF-8"?>
<!DOCTYPE plist PUBLIC "-//Apple//DTD PLIST 1.0//EN" "http://www.apple.com/DTDs/PropertyList-1.0.dtd">
<plist version="1.0">
<dict>
	<key>archiveVersion</key>
	<string>1</string>
	<key>classes</key>
	<dict/>
	<key>objectVersion</key>
	<string>46</string>
	<key>objects</key>
	<dict>
		<key>019683D71272EF54E26A4D28</key>
		<dict>
			<key>includeInIndex</key>
			<string>1</string>
			<key>isa</key>
			<string>PBXFileReference</string>
			<key>lastKnownFileType</key>
			<string>text.xcconfig</string>
			<key>name</key>
			<string>Pods-BrowserAppTests.debug.xcconfig</string>
			<key>path</key>
			<string>Pods/Target Support Files/Pods-BrowserAppTests/Pods-BrowserAppTests.debug.xcconfig</string>
			<key>sourceTree</key>
			<string>&lt;group&gt;</string>
		</dict>
		<key>0F554A0F345EB959B236292C</key>
		<dict>
			<key>fileRef</key>
			<string>29EF1E03B113ACD1A1A6B08D</string>
			<key>isa</key>
			<string>PBXBuildFile</string>
		</dict>
		<key>28B0612FDDD082281980A345</key>
		<dict>
			<key>includeInIndex</key>
			<string>1</string>
			<key>isa</key>
			<string>PBXFileReference</string>
			<key>lastKnownFileType</key>
			<string>text.xcconfig</string>
			<key>name</key>
			<string>Pods-BrowserAppTests.release.xcconfig</string>
			<key>path</key>
			<string>Pods/Target Support Files/Pods-BrowserAppTests/Pods-BrowserAppTests.release.xcconfig</string>
			<key>sourceTree</key>
			<string>&lt;group&gt;</string>
		</dict>
		<key>29EF1E03B113ACD1A1A6B08D</key>
		<dict>
			<key>explicitFileType</key>
			<string>wrapper.framework</string>
			<key>includeInIndex</key>
			<string>0</string>
			<key>isa</key>
			<string>PBXFileReference</string>
			<key>path</key>
			<string>Pods_BrowserApp.framework</string>
			<key>sourceTree</key>
			<string>BUILT_PRODUCTS_DIR</string>
		</dict>
		<key>2CD171F130E432411A8F5F77</key>
		<dict>
			<key>includeInIndex</key>
			<string>1</string>
			<key>isa</key>
			<string>PBXFileReference</string>
			<key>lastKnownFileType</key>
			<string>text.xcconfig</string>
			<key>name</key>
			<string>Pods-BrowserApp.debug.xcconfig</string>
			<key>path</key>
			<string>Pods/Target Support Files/Pods-BrowserApp/Pods-BrowserApp.debug.xcconfig</string>
			<key>sourceTree</key>
			<string>&lt;group&gt;</string>
		</dict>
		<key>3732250AAC3C8B17559B5D3C</key>
		<dict>
			<key>buildActionMask</key>
			<string>2147483647</string>
			<key>files</key>
			<array/>
			<key>inputPaths</key>
			<array/>
			<key>isa</key>
			<string>PBXShellScriptBuildPhase</string>
			<key>name</key>
			<string>Embed Pods Frameworks</string>
			<key>outputPaths</key>
			<array/>
			<key>runOnlyForDeploymentPostprocessing</key>
			<string>0</string>
			<key>shellPath</key>
			<string>/bin/sh</string>
			<key>shellScript</key>
			<string>"${SRCROOT}/Pods/Target Support Files/Pods-BrowserAppTests/Pods-BrowserAppTests-frameworks.sh"
</string>
			<key>showEnvVarsInLog</key>
			<string>0</string>
		</dict>
		<key>4C8F695176B9DC7641A8A50E</key>
		<dict>
			<key>buildActionMask</key>
			<string>2147483647</string>
			<key>files</key>
			<array/>
			<key>inputPaths</key>
			<array/>
			<key>isa</key>
			<string>PBXShellScriptBuildPhase</string>
			<key>name</key>
			<string>Embed Pods Frameworks</string>
			<key>outputPaths</key>
			<array/>
			<key>runOnlyForDeploymentPostprocessing</key>
			<string>0</string>
			<key>shellPath</key>
			<string>/bin/sh</string>
			<key>shellScript</key>
			<string>"${SRCROOT}/Pods/Target Support Files/Pods-BrowserApp/Pods-BrowserApp-frameworks.sh"
</string>
			<key>showEnvVarsInLog</key>
			<string>0</string>
		</dict>
		<key>6707A75EB2AA6B385E556F52</key>
		<dict>
			<key>includeInIndex</key>
			<string>1</string>
			<key>isa</key>
			<string>PBXFileReference</string>
			<key>lastKnownFileType</key>
			<string>text.xcconfig</string>
			<key>name</key>
			<string>Pods-BrowserApp.release.xcconfig</string>
			<key>path</key>
			<string>Pods/Target Support Files/Pods-BrowserApp/Pods-BrowserApp.release.xcconfig</string>
			<key>sourceTree</key>
			<string>&lt;group&gt;</string>
		</dict>
		<key>6F37078B9870DE045F0DC624</key>
		<dict>
			<key>buildActionMask</key>
			<string>2147483647</string>
			<key>files</key>
			<array/>
			<key>inputPaths</key>
			<array/>
			<key>isa</key>
			<string>PBXShellScriptBuildPhase</string>
			<key>name</key>
			<string>Copy Pods Resources</string>
			<key>outputPaths</key>
			<array/>
			<key>runOnlyForDeploymentPostprocessing</key>
			<string>0</string>
			<key>shellPath</key>
			<string>/bin/sh</string>
			<key>shellScript</key>
			<string>"${SRCROOT}/Pods/Target Support Files/Pods-BrowserAppTests/Pods-BrowserAppTests-resources.sh"
</string>
			<key>showEnvVarsInLog</key>
			<string>0</string>
		</dict>
		<key>CBE9CEA2F7D7E0C23605A017</key>
		<dict>
			<key>buildActionMask</key>
			<string>2147483647</string>
			<key>files</key>
			<array/>
			<key>inputPaths</key>
			<array/>
			<key>isa</key>
			<string>PBXShellScriptBuildPhase</string>
			<key>name</key>
			<string>Check Pods Manifest.lock</string>
			<key>outputPaths</key>
			<array/>
			<key>runOnlyForDeploymentPostprocessing</key>
			<string>0</string>
			<key>shellPath</key>
			<string>/bin/sh</string>
			<key>shellScript</key>
			<string>diff "${PODS_ROOT}/../Podfile.lock" "${PODS_ROOT}/Manifest.lock" &gt; /dev/null
if [[ $? != 0 ]] ; then
    cat &lt;&lt; EOM
error: The sandbox is not in sync with the Podfile.lock. Run 'pod install' or update your CocoaPods installation.
EOM
    exit 1
fi
</string>
			<key>showEnvVarsInLog</key>
			<string>0</string>
		</dict>
		<key>CC9E2DD95F55E101F17889B2</key>
		<dict>
			<key>explicitFileType</key>
			<string>wrapper.framework</string>
			<key>includeInIndex</key>
			<string>0</string>
			<key>isa</key>
			<string>PBXFileReference</string>
			<key>path</key>
			<string>Pods_BrowserAppTests.framework</string>
			<key>sourceTree</key>
			<string>BUILT_PRODUCTS_DIR</string>
		</dict>
		<key>DA5314B4CA79791954F07BD1</key>
		<dict>
			<key>children</key>
			<array>
				<string>2CD171F130E432411A8F5F77</string>
				<string>6707A75EB2AA6B385E556F52</string>
				<string>019683D71272EF54E26A4D28</string>
				<string>28B0612FDDD082281980A345</string>
			</array>
			<key>isa</key>
			<string>PBXGroup</string>
			<key>name</key>
			<string>Pods</string>
			<key>sourceTree</key>
			<string>&lt;group&gt;</string>
		</dict>
		<key>DD12E9D18E61842F9B584B91</key>
		<dict>
			<key>fileRef</key>
			<string>CC9E2DD95F55E101F17889B2</string>
			<key>isa</key>
			<string>PBXBuildFile</string>
		</dict>
		<key>E1C0AA94F09645FC5D5EAF70</key>
		<dict>
			<key>children</key>
			<array>
				<string>FC1C3D121D844FFC00C6F778</string>
				<string>FC1C3D101D844FEE00C6F778</string>
				<string>FC1C3CFC1D844FE400C6F778</string>
				<string>FC1C3CFD1D844FE400C6F778</string>
				<string>FC1C3CFE1D844FE400C6F778</string>
				<string>FC1C3CFF1D844FE400C6F778</string>
				<string>FC1C3D001D844FE400C6F778</string>
				<string>FC1C3D011D844FE400C6F778</string>
				<string>FC1C3D021D844FE400C6F778</string>
				<string>FC1C3D031D844FE400C6F778</string>
				<string>FC1C3D041D844FE400C6F778</string>
				<string>FC1C3D051D844FE400C6F778</string>
				<string>29EF1E03B113ACD1A1A6B08D</string>
				<string>CC9E2DD95F55E101F17889B2</string>
			</array>
			<key>isa</key>
			<string>PBXGroup</string>
			<key>name</key>
			<string>Frameworks</string>
			<key>sourceTree</key>
			<string>&lt;group&gt;</string>
		</dict>
		<key>E8B6EAC32F6CD59C0DA79044</key>
		<dict>
			<key>buildActionMask</key>
			<string>2147483647</string>
			<key>files</key>
			<array/>
			<key>inputPaths</key>
			<array/>
			<key>isa</key>
			<string>PBXShellScriptBuildPhase</string>
			<key>name</key>
			<string>Copy Pods Resources</string>
			<key>outputPaths</key>
			<array/>
			<key>runOnlyForDeploymentPostprocessing</key>
			<string>0</string>
			<key>shellPath</key>
			<string>/bin/sh</string>
			<key>shellScript</key>
			<string>"${SRCROOT}/Pods/Target Support Files/Pods-BrowserApp/Pods-BrowserApp-resources.sh"
</string>
			<key>showEnvVarsInLog</key>
			<string>0</string>
		</dict>
		<key>E96FC1A4DC22D4F5CF533536</key>
		<dict>
			<key>buildActionMask</key>
			<string>2147483647</string>
			<key>files</key>
			<array/>
			<key>inputPaths</key>
			<array/>
			<key>isa</key>
			<string>PBXShellScriptBuildPhase</string>
			<key>name</key>
			<string>Check Pods Manifest.lock</string>
			<key>outputPaths</key>
			<array/>
			<key>runOnlyForDeploymentPostprocessing</key>
			<string>0</string>
			<key>shellPath</key>
			<string>/bin/sh</string>
			<key>shellScript</key>
			<string>diff "${PODS_ROOT}/../Podfile.lock" "${PODS_ROOT}/Manifest.lock" &gt; /dev/null
if [[ $? != 0 ]] ; then
    cat &lt;&lt; EOM
error: The sandbox is not in sync with the Podfile.lock. Run 'pod install' or update your CocoaPods installation.
EOM
    exit 1
fi
</string>
			<key>showEnvVarsInLog</key>
			<string>0</string>
		</dict>
		<key>FC1C3CFC1D844FE400C6F778</key>
		<dict>
			<key>isa</key>
			<string>PBXFileReference</string>
			<key>lastKnownFileType</key>
			<string>wrapper.framework</string>
			<key>name</key>
			<string>AsyncKit.framework</string>
			<key>path</key>
			<string>../../../Library/Developer/Xcode/DerivedData/BrowserApp-ffidharwkcshxpbcjdshajszmamk/Build/Products/Debug-iphonesimulator/AsyncKit.framework</string>
			<key>sourceTree</key>
			<string>&lt;group&gt;</string>
		</dict>
		<key>FC1C3CFD1D844FE400C6F778</key>
		<dict>
			<key>isa</key>
			<string>PBXFileReference</string>
			<key>lastKnownFileType</key>
			<string>wrapper.framework</string>
			<key>name</key>
			<string>BWWalkthrough.framework</string>
			<key>path</key>
			<string>../../../Library/Developer/Xcode/DerivedData/BrowserApp-ffidharwkcshxpbcjdshajszmamk/Build/Products/Debug-iphonesimulator/BWWalkthrough.framework</string>
			<key>sourceTree</key>
			<string>&lt;group&gt;</string>
		</dict>
		<key>FC1C3CFE1D844FE400C6F778</key>
		<dict>
			<key>isa</key>
			<string>PBXFileReference</string>
			<key>lastKnownFileType</key>
			<string>wrapper.framework</string>
			<key>name</key>
			<string>DZNEmptyDataSet.framework</string>
			<key>path</key>
			<string>Pods/../build/Debug-iphoneos/DZNEmptyDataSet.framework</string>
			<key>sourceTree</key>
			<string>&lt;group&gt;</string>
		</dict>
		<key>FC1C3CFF1D844FE400C6F778</key>
		<dict>
			<key>isa</key>
			<string>PBXFileReference</string>
			<key>lastKnownFileType</key>
			<string>wrapper.framework</string>
			<key>name</key>
			<string>KCFloatingActionButton.framework</string>
			<key>path</key>
			<string>../../../Library/Developer/Xcode/DerivedData/BrowserApp-ffidharwkcshxpbcjdshajszmamk/Build/Products/Debug-iphonesimulator/KCFloatingActionButton.framework</string>
			<key>sourceTree</key>
			<string>&lt;group&gt;</string>
		</dict>
		<key>FC1C3D001D844FE400C6F778</key>
		<dict>
			<key>isa</key>
			<string>PBXFileReference</string>
			<key>lastKnownFileType</key>
			<string>wrapper.framework</string>
			<key>name</key>
			<string>NVActivityIndicatorView.framework</string>
			<key>path</key>
			<string>../../../Library/Developer/Xcode/DerivedData/BrowserApp-ffidharwkcshxpbcjdshajszmamk/Build/Products/Debug-iphonesimulator/NVActivityIndicatorView.framework</string>
			<key>sourceTree</key>
			<string>&lt;group&gt;</string>
		</dict>
		<key>FC1C3D011D844FE400C6F778</key>
		<dict>
			<key>isa</key>
			<string>PBXFileReference</string>
			<key>lastKnownFileType</key>
			<string>wrapper.framework</string>
			<key>name</key>
			<string>PermissionScope.framework</string>
			<key>path</key>
			<string>../../../Library/Developer/Xcode/DerivedData/BrowserApp-ffidharwkcshxpbcjdshajszmamk/Build/Products/Debug-iphonesimulator/PermissionScope.framework</string>
			<key>sourceTree</key>
			<string>&lt;group&gt;</string>
		</dict>
		<key>FC1C3D021D844FE400C6F778</key>
		<dict>
			<key>isa</key>
			<string>PBXFileReference</string>
			<key>lastKnownFileType</key>
			<string>wrapper.framework</string>
			<key>name</key>
			<string>Realm.framework</string>
			<key>path</key>
			<string>Pods/../build/Debug-iphoneos/Realm.framework</string>
			<key>sourceTree</key>
			<string>&lt;group&gt;</string>
		</dict>
		<key>FC1C3D031D844FE400C6F778</key>
		<dict>
			<key>isa</key>
			<string>PBXFileReference</string>
			<key>lastKnownFileType</key>
			<string>wrapper.framework</string>
			<key>name</key>
			<string>RealmSwift.framework</string>
			<key>path</key>
			<string>../../../Library/Developer/Xcode/DerivedData/BrowserApp-ffidharwkcshxpbcjdshajszmamk/Build/Products/Debug-iphonesimulator/RealmSwift.framework</string>
			<key>sourceTree</key>
			<string>&lt;group&gt;</string>
		</dict>
		<key>FC1C3D041D844FE400C6F778</key>
		<dict>
			<key>isa</key>
			<string>PBXFileReference</string>
			<key>lastKnownFileType</key>
			<string>wrapper.framework</string>
			<key>name</key>
			<string>SnapKit.framework</string>
			<key>path</key>
			<string>../../../Library/Developer/Xcode/DerivedData/BrowserApp-ffidharwkcshxpbcjdshajszmamk/Build/Products/Debug-iphonesimulator/SnapKit.framework</string>
			<key>sourceTree</key>
			<string>&lt;group&gt;</string>
		</dict>
		<key>FC1C3D051D844FE400C6F778</key>
		<dict>
			<key>isa</key>
			<string>PBXFileReference</string>
			<key>lastKnownFileType</key>
			<string>wrapper.framework</string>
			<key>name</key>
			<string>Spring.framework</string>
			<key>path</key>
			<string>../../../Library/Developer/Xcode/DerivedData/BrowserApp-ffidharwkcshxpbcjdshajszmamk/Build/Products/Debug-iphonesimulator/Spring.framework</string>
			<key>sourceTree</key>
			<string>&lt;group&gt;</string>
		</dict>
		<key>FC1C3D061D844FE400C6F778</key>
		<dict>
			<key>fileRef</key>
			<string>FC1C3CFC1D844FE400C6F778</string>
			<key>isa</key>
			<string>PBXBuildFile</string>
		</dict>
		<key>FC1C3D071D844FE400C6F778</key>
		<dict>
			<key>fileRef</key>
			<string>FC1C3CFD1D844FE400C6F778</string>
			<key>isa</key>
			<string>PBXBuildFile</string>
		</dict>
		<key>FC1C3D081D844FE400C6F778</key>
		<dict>
			<key>fileRef</key>
			<string>FC1C3CFE1D844FE400C6F778</string>
			<key>isa</key>
			<string>PBXBuildFile</string>
		</dict>
		<key>FC1C3D091D844FE400C6F778</key>
		<dict>
			<key>fileRef</key>
			<string>FC1C3CFF1D844FE400C6F778</string>
			<key>isa</key>
			<string>PBXBuildFile</string>
		</dict>
		<key>FC1C3D0A1D844FE400C6F778</key>
		<dict>
			<key>fileRef</key>
			<string>FC1C3D001D844FE400C6F778</string>
			<key>isa</key>
			<string>PBXBuildFile</string>
		</dict>
		<key>FC1C3D0B1D844FE400C6F778</key>
		<dict>
			<key>fileRef</key>
			<string>FC1C3D011D844FE400C6F778</string>
			<key>isa</key>
			<string>PBXBuildFile</string>
		</dict>
		<key>FC1C3D0C1D844FE400C6F778</key>
		<dict>
			<key>fileRef</key>
			<string>FC1C3D021D844FE400C6F778</string>
			<key>isa</key>
			<string>PBXBuildFile</string>
		</dict>
		<key>FC1C3D0D1D844FE400C6F778</key>
		<dict>
			<key>fileRef</key>
			<string>FC1C3D031D844FE400C6F778</string>
			<key>isa</key>
			<string>PBXBuildFile</string>
		</dict>
		<key>FC1C3D0E1D844FE400C6F778</key>
		<dict>
			<key>fileRef</key>
			<string>FC1C3D041D844FE400C6F778</string>
			<key>isa</key>
			<string>PBXBuildFile</string>
		</dict>
		<key>FC1C3D0F1D844FE400C6F778</key>
		<dict>
			<key>fileRef</key>
			<string>FC1C3D051D844FE400C6F778</string>
			<key>isa</key>
			<string>PBXBuildFile</string>
		</dict>
		<key>FC1C3D101D844FEE00C6F778</key>
		<dict>
			<key>isa</key>
			<string>PBXFileReference</string>
			<key>lastKnownFileType</key>
			<string>wrapper.framework</string>
			<key>name</key>
			<string>UIKit.framework</string>
			<key>path</key>
			<string>System/Library/Frameworks/UIKit.framework</string>
			<key>sourceTree</key>
			<string>SDKROOT</string>
		</dict>
		<key>FC1C3D111D844FEE00C6F778</key>
		<dict>
			<key>fileRef</key>
			<string>FC1C3D101D844FEE00C6F778</string>
			<key>isa</key>
			<string>PBXBuildFile</string>
		</dict>
		<key>FC1C3D121D844FFC00C6F778</key>
		<dict>
			<key>isa</key>
			<string>PBXFileReference</string>
			<key>lastKnownFileType</key>
			<string>wrapper.framework</string>
			<key>name</key>
			<string>Foundation.framework</string>
			<key>path</key>
			<string>System/Library/Frameworks/Foundation.framework</string>
			<key>sourceTree</key>
			<string>SDKROOT</string>
		</dict>
		<key>FC1C3D131D844FFC00C6F778</key>
		<dict>
			<key>fileRef</key>
			<string>FC1C3D121D844FFC00C6F778</string>
			<key>isa</key>
			<string>PBXBuildFile</string>
		</dict>
		<key>FC3719491D83BC140098B3D9</key>
		<dict>
			<key>children</key>
			<array>
				<string>FC3719541D83BC140098B3D9</string>
				<string>FC3719691D83BC140098B3D9</string>
				<string>FC3719741D83BC150098B3D9</string>
				<string>FC3719531D83BC140098B3D9</string>
				<string>DA5314B4CA79791954F07BD1</string>
				<string>E1C0AA94F09645FC5D5EAF70</string>
			</array>
			<key>isa</key>
			<string>PBXGroup</string>
			<key>sourceTree</key>
			<string>&lt;group&gt;</string>
		</dict>
		<key>FC37194A1D83BC140098B3D9</key>
		<dict>
			<key>attributes</key>
			<dict>
				<key>LastSwiftUpdateCheck</key>
				<string>0730</string>
				<key>LastUpgradeCheck</key>
				<string>0730</string>
				<key>ORGANIZATIONNAME</key>
				<string>Sakumiki</string>
				<key>TargetAttributes</key>
				<dict>
					<key>FC3719511D83BC140098B3D9</key>
					<dict>
						<key>CreatedOnToolsVersion</key>
						<string>7.3.1</string>
						<key>DevelopmentTeam</key>
						<string>5JRU9J2FJC</string>
					</dict>
					<key>FC3719651D83BC140098B3D9</key>
					<dict>
						<key>CreatedOnToolsVersion</key>
						<string>7.3.1</string>
						<key>DevelopmentTeam</key>
						<string>5JRU9J2FJC</string>
						<key>TestTargetID</key>
						<string>FC3719511D83BC140098B3D9</string>
					</dict>
					<key>FC3719701D83BC140098B3D9</key>
					<dict>
						<key>CreatedOnToolsVersion</key>
						<string>7.3.1</string>
						<key>DevelopmentTeam</key>
						<string>5JRU9J2FJC</string>
						<key>TestTargetID</key>
						<string>FC3719511D83BC140098B3D9</string>
					</dict>
				</dict>
			</dict>
			<key>buildConfigurationList</key>
			<string>FC37194D1D83BC140098B3D9</string>
			<key>compatibilityVersion</key>
			<string>Xcode 3.2</string>
			<key>developmentRegion</key>
			<string>English</string>
			<key>hasScannedForEncodings</key>
			<string>0</string>
			<key>isa</key>
			<string>PBXProject</string>
			<key>knownRegions</key>
			<array>
				<string>en</string>
				<string>Base</string>
			</array>
			<key>mainGroup</key>
			<string>FC3719491D83BC140098B3D9</string>
			<key>productRefGroup</key>
			<string>FC3719531D83BC140098B3D9</string>
			<key>projectDirPath</key>
			<string></string>
			<key>projectReferences</key>
			<array/>
			<key>projectRoot</key>
			<string></string>
			<key>targets</key>
			<array>
				<string>FC3719511D83BC140098B3D9</string>
				<string>FC3719651D83BC140098B3D9</string>
				<string>FC3719701D83BC140098B3D9</string>
			</array>
		</dict>
		<key>FC37194D1D83BC140098B3D9</key>
		<dict>
			<key>buildConfigurations</key>
			<array>
				<string>FC3719781D83BC150098B3D9</string>
				<string>FC3719791D83BC150098B3D9</string>
			</array>
			<key>defaultConfigurationIsVisible</key>
			<string>0</string>
			<key>defaultConfigurationName</key>
			<string>Release</string>
			<key>isa</key>
			<string>XCConfigurationList</string>
		</dict>
		<key>FC37194E1D83BC140098B3D9</key>
		<dict>
			<key>buildActionMask</key>
			<string>2147483647</string>
			<key>files</key>
			<array>
				<string>FC3719581D83BC140098B3D9</string>
				<string>FC3719561D83BC140098B3D9</string>
			</array>
			<key>isa</key>
			<string>PBXSourcesBuildPhase</string>
			<key>runOnlyForDeploymentPostprocessing</key>
			<string>0</string>
		</dict>
		<key>FC37194F1D83BC140098B3D9</key>
		<dict>
			<key>buildActionMask</key>
			<string>2147483647</string>
			<key>files</key>
			<array>
				<string>FC1C3D131D844FFC00C6F778</string>
				<string>FC1C3D111D844FEE00C6F778</string>
				<string>FC1C3D061D844FE400C6F778</string>
				<string>FC1C3D071D844FE400C6F778</string>
				<string>FC1C3D081D844FE400C6F778</string>
				<string>FC1C3D091D844FE400C6F778</string>
				<string>FC1C3D0A1D844FE400C6F778</string>
				<string>FC1C3D0B1D844FE400C6F778</string>
				<string>FC1C3D0C1D844FE400C6F778</string>
				<string>FC1C3D0D1D844FE400C6F778</string>
				<string>FC1C3D0E1D844FE400C6F778</string>
				<string>FC1C3D0F1D844FE400C6F778</string>
				<string>0F554A0F345EB959B236292C</string>
			</array>
			<key>isa</key>
			<string>PBXFrameworksBuildPhase</string>
			<key>runOnlyForDeploymentPostprocessing</key>
			<string>0</string>
		</dict>
		<key>FC3719501D83BC140098B3D9</key>
		<dict>
			<key>buildActionMask</key>
			<string>2147483647</string>
			<key>files</key>
			<array>
				<string>FC3719601D83BC140098B3D9</string>
				<string>FC37195D1D83BC140098B3D9</string>
				<string>FC37195B1D83BC140098B3D9</string>
			</array>
			<key>isa</key>
			<string>PBXResourcesBuildPhase</string>
			<key>runOnlyForDeploymentPostprocessing</key>
			<string>0</string>
		</dict>
		<key>FC3719511D83BC140098B3D9</key>
		<dict>
			<key>buildConfigurationList</key>
			<string>FC37197A1D83BC150098B3D9</string>
			<key>buildPhases</key>
			<array>
				<string>CBE9CEA2F7D7E0C23605A017</string>
				<string>FC37194E1D83BC140098B3D9</string>
				<string>FC37194F1D83BC140098B3D9</string>
				<string>FC3719501D83BC140098B3D9</string>
				<string>4C8F695176B9DC7641A8A50E</string>
				<string>E8B6EAC32F6CD59C0DA79044</string>
			</array>
			<key>buildRules</key>
			<array/>
			<key>dependencies</key>
			<array/>
			<key>isa</key>
			<string>PBXNativeTarget</string>
			<key>name</key>
			<string>BrowserApp</string>
			<key>productName</key>
			<string>BrowserApp</string>
			<key>productReference</key>
			<string>FC3719521D83BC140098B3D9</string>
			<key>productType</key>
			<string>com.apple.product-type.application</string>
		</dict>
		<key>FC3719521D83BC140098B3D9</key>
		<dict>
			<key>explicitFileType</key>
			<string>wrapper.application</string>
			<key>includeInIndex</key>
			<string>0</string>
			<key>isa</key>
			<string>PBXFileReference</string>
			<key>path</key>
			<string>BrowserApp.app</string>
			<key>sourceTree</key>
			<string>BUILT_PRODUCTS_DIR</string>
		</dict>
		<key>FC3719531D83BC140098B3D9</key>
		<dict>
			<key>children</key>
			<array>
				<string>FC3719521D83BC140098B3D9</string>
				<string>FC3719661D83BC140098B3D9</string>
				<string>FC3719711D83BC150098B3D9</string>
			</array>
			<key>isa</key>
			<string>PBXGroup</string>
			<key>name</key>
			<string>Products</string>
			<key>sourceTree</key>
			<string>&lt;group&gt;</string>
		</dict>
		<key>FC3719541D83BC140098B3D9</key>
		<dict>
			<key>children</key>
			<array>
				<string>FC3719551D83BC140098B3D9</string>
				<string>FC3719571D83BC140098B3D9</string>
				<string>FC3719591D83BC140098B3D9</string>
				<string>FC37195C1D83BC140098B3D9</string>
				<string>FC37195E1D83BC140098B3D9</string>
				<string>FC3719611D83BC140098B3D9</string>
			</array>
			<key>isa</key>
			<string>PBXGroup</string>
			<key>path</key>
			<string>BrowserApp</string>
			<key>sourceTree</key>
			<string>&lt;group&gt;</string>
		</dict>
		<key>FC3719551D83BC140098B3D9</key>
		<dict>
			<key>isa</key>
			<string>PBXFileReference</string>
			<key>lastKnownFileType</key>
			<string>sourcecode.swift</string>
			<key>path</key>
			<string>AppDelegate.swift</string>
			<key>sourceTree</key>
			<string>&lt;group&gt;</string>
		</dict>
		<key>FC3719561D83BC140098B3D9</key>
		<dict>
			<key>fileRef</key>
			<string>FC3719551D83BC140098B3D9</string>
			<key>isa</key>
			<string>PBXBuildFile</string>
		</dict>
		<key>FC3719571D83BC140098B3D9</key>
		<dict>
			<key>isa</key>
			<string>PBXFileReference</string>
			<key>lastKnownFileType</key>
			<string>sourcecode.swift</string>
			<key>path</key>
			<string>ViewController.swift</string>
			<key>sourceTree</key>
			<string>&lt;group&gt;</string>
		</dict>
		<key>FC3719581D83BC140098B3D9</key>
		<dict>
			<key>fileRef</key>
			<string>FC3719571D83BC140098B3D9</string>
			<key>isa</key>
			<string>PBXBuildFile</string>
		</dict>
		<key>FC3719591D83BC140098B3D9</key>
		<dict>
			<key>children</key>
			<array>
				<string>FC37195A1D83BC140098B3D9</string>
			</array>
			<key>isa</key>
			<string>PBXVariantGroup</string>
			<key>name</key>
			<string>Main.storyboard</string>
			<key>sourceTree</key>
			<string>&lt;group&gt;</string>
		</dict>
		<key>FC37195A1D83BC140098B3D9</key>
		<dict>
			<key>isa</key>
			<string>PBXFileReference</string>
			<key>lastKnownFileType</key>
			<string>file.storyboard</string>
			<key>name</key>
			<string>Base</string>
			<key>path</key>
			<string>Base.lproj/Main.storyboard</string>
			<key>sourceTree</key>
			<string>&lt;group&gt;</string>
		</dict>
		<key>FC37195B1D83BC140098B3D9</key>
		<dict>
			<key>fileRef</key>
			<string>FC3719591D83BC140098B3D9</string>
			<key>isa</key>
			<string>PBXBuildFile</string>
		</dict>
		<key>FC37195C1D83BC140098B3D9</key>
		<dict>
			<key>isa</key>
			<string>PBXFileReference</string>
			<key>lastKnownFileType</key>
			<string>folder.assetcatalog</string>
			<key>path</key>
			<string>Assets.xcassets</string>
			<key>sourceTree</key>
			<string>&lt;group&gt;</string>
		</dict>
		<key>FC37195D1D83BC140098B3D9</key>
		<dict>
			<key>fileRef</key>
			<string>FC37195C1D83BC140098B3D9</string>
			<key>isa</key>
			<string>PBXBuildFile</string>
		</dict>
		<key>FC37195E1D83BC140098B3D9</key>
		<dict>
			<key>children</key>
			<array>
				<string>FC37195F1D83BC140098B3D9</string>
			</array>
			<key>isa</key>
			<string>PBXVariantGroup</string>
			<key>name</key>
			<string>LaunchScreen.storyboard</string>
			<key>sourceTree</key>
			<string>&lt;group&gt;</string>
		</dict>
		<key>FC37195F1D83BC140098B3D9</key>
		<dict>
			<key>isa</key>
			<string>PBXFileReference</string>
			<key>lastKnownFileType</key>
			<string>file.storyboard</string>
			<key>name</key>
			<string>Base</string>
			<key>path</key>
			<string>Base.lproj/LaunchScreen.storyboard</string>
			<key>sourceTree</key>
			<string>&lt;group&gt;</string>
		</dict>
		<key>FC3719601D83BC140098B3D9</key>
		<dict>
			<key>fileRef</key>
			<string>FC37195E1D83BC140098B3D9</string>
			<key>isa</key>
			<string>PBXBuildFile</string>
		</dict>
		<key>FC3719611D83BC140098B3D9</key>
		<dict>
			<key>isa</key>
			<string>PBXFileReference</string>
			<key>lastKnownFileType</key>
			<string>text.plist.xml</string>
			<key>path</key>
			<string>Info.plist</string>
			<key>sourceTree</key>
			<string>&lt;group&gt;</string>
		</dict>
		<key>FC3719621D83BC140098B3D9</key>
		<dict>
			<key>buildActionMask</key>
			<string>2147483647</string>
			<key>files</key>
			<array>
				<string>FC37196B1D83BC140098B3D9</string>
			</array>
			<key>isa</key>
			<string>PBXSourcesBuildPhase</string>
			<key>runOnlyForDeploymentPostprocessing</key>
			<string>0</string>
		</dict>
		<key>FC3719631D83BC140098B3D9</key>
		<dict>
			<key>buildActionMask</key>
			<string>2147483647</string>
			<key>files</key>
			<array>
				<string>DD12E9D18E61842F9B584B91</string>
			</array>
			<key>isa</key>
			<string>PBXFrameworksBuildPhase</string>
			<key>runOnlyForDeploymentPostprocessing</key>
			<string>0</string>
		</dict>
		<key>FC3719641D83BC140098B3D9</key>
		<dict>
			<key>buildActionMask</key>
			<string>2147483647</string>
			<key>files</key>
			<array/>
			<key>isa</key>
			<string>PBXResourcesBuildPhase</string>
			<key>runOnlyForDeploymentPostprocessing</key>
			<string>0</string>
		</dict>
		<key>FC3719651D83BC140098B3D9</key>
		<dict>
			<key>buildConfigurationList</key>
			<string>FC37197D1D83BC150098B3D9</string>
			<key>buildPhases</key>
			<array>
				<string>E96FC1A4DC22D4F5CF533536</string>
				<string>FC3719621D83BC140098B3D9</string>
				<string>FC3719631D83BC140098B3D9</string>
				<string>FC3719641D83BC140098B3D9</string>
				<string>3732250AAC3C8B17559B5D3C</string>
				<string>6F37078B9870DE045F0DC624</string>
			</array>
			<key>buildRules</key>
			<array/>
			<key>dependencies</key>
			<array>
				<string>FC3719681D83BC140098B3D9</string>
			</array>
			<key>isa</key>
			<string>PBXNativeTarget</string>
			<key>name</key>
			<string>BrowserAppTests</string>
			<key>productName</key>
			<string>BrowserAppTests</string>
			<key>productReference</key>
			<string>FC3719661D83BC140098B3D9</string>
			<key>productType</key>
			<string>com.apple.product-type.bundle.unit-test</string>
		</dict>
		<key>FC3719661D83BC140098B3D9</key>
		<dict>
			<key>explicitFileType</key>
			<string>wrapper.cfbundle</string>
			<key>includeInIndex</key>
			<string>0</string>
			<key>isa</key>
			<string>PBXFileReference</string>
			<key>path</key>
			<string>BrowserAppTests.xctest</string>
			<key>sourceTree</key>
			<string>BUILT_PRODUCTS_DIR</string>
		</dict>
		<key>FC3719671D83BC140098B3D9</key>
		<dict>
			<key>containerPortal</key>
			<string>FC37194A1D83BC140098B3D9</string>
			<key>isa</key>
			<string>PBXContainerItemProxy</string>
			<key>proxyType</key>
			<string>1</string>
			<key>remoteGlobalIDString</key>
			<string>FC3719511D83BC140098B3D9</string>
			<key>remoteInfo</key>
			<string>BrowserApp</string>
		</dict>
		<key>FC3719681D83BC140098B3D9</key>
		<dict>
			<key>isa</key>
			<string>PBXTargetDependency</string>
			<key>target</key>
			<string>FC3719511D83BC140098B3D9</string>
			<key>targetProxy</key>
			<string>FC3719671D83BC140098B3D9</string>
		</dict>
		<key>FC3719691D83BC140098B3D9</key>
		<dict>
			<key>children</key>
			<array>
				<string>FC37196A1D83BC140098B3D9</string>
				<string>FC37196C1D83BC140098B3D9</string>
			</array>
			<key>isa</key>
			<string>PBXGroup</string>
			<key>path</key>
			<string>BrowserAppTests</string>
			<key>sourceTree</key>
			<string>&lt;group&gt;</string>
		</dict>
		<key>FC37196A1D83BC140098B3D9</key>
		<dict>
			<key>isa</key>
			<string>PBXFileReference</string>
			<key>lastKnownFileType</key>
			<string>sourcecode.swift</string>
			<key>path</key>
			<string>BrowserAppTests.swift</string>
			<key>sourceTree</key>
			<string>&lt;group&gt;</string>
		</dict>
		<key>FC37196B1D83BC140098B3D9</key>
		<dict>
			<key>fileRef</key>
			<string>FC37196A1D83BC140098B3D9</string>
			<key>isa</key>
			<string>PBXBuildFile</string>
		</dict>
		<key>FC37196C1D83BC140098B3D9</key>
		<dict>
			<key>isa</key>
			<string>PBXFileReference</string>
			<key>lastKnownFileType</key>
			<string>text.plist.xml</string>
			<key>path</key>
			<string>Info.plist</string>
			<key>sourceTree</key>
			<string>&lt;group&gt;</string>
		</dict>
		<key>FC37196D1D83BC140098B3D9</key>
		<dict>
			<key>buildActionMask</key>
			<string>2147483647</string>
			<key>files</key>
			<array>
				<string>FC3719761D83BC150098B3D9</string>
			</array>
			<key>isa</key>
			<string>PBXSourcesBuildPhase</string>
			<key>runOnlyForDeploymentPostprocessing</key>
			<string>0</string>
		</dict>
		<key>FC37196E1D83BC140098B3D9</key>
		<dict>
			<key>buildActionMask</key>
			<string>2147483647</string>
			<key>files</key>
			<array/>
			<key>isa</key>
			<string>PBXFrameworksBuildPhase</string>
			<key>runOnlyForDeploymentPostprocessing</key>
			<string>0</string>
		</dict>
		<key>FC37196F1D83BC140098B3D9</key>
		<dict>
			<key>buildActionMask</key>
			<string>2147483647</string>
			<key>files</key>
			<array/>
			<key>isa</key>
			<string>PBXResourcesBuildPhase</string>
			<key>runOnlyForDeploymentPostprocessing</key>
			<string>0</string>
		</dict>
		<key>FC3719701D83BC140098B3D9</key>
		<dict>
			<key>buildConfigurationList</key>
			<string>FC3719801D83BC150098B3D9</string>
			<key>buildPhases</key>
			<array>
				<string>FC37196D1D83BC140098B3D9</string>
				<string>FC37196E1D83BC140098B3D9</string>
				<string>FC37196F1D83BC140098B3D9</string>
			</array>
			<key>buildRules</key>
			<array/>
			<key>dependencies</key>
			<array>
				<string>FC3719731D83BC150098B3D9</string>
			</array>
			<key>isa</key>
			<string>PBXNativeTarget</string>
			<key>name</key>
			<string>BrowserAppUITests</string>
			<key>productName</key>
			<string>BrowserAppUITests</string>
			<key>productReference</key>
			<string>FC3719711D83BC150098B3D9</string>
			<key>productType</key>
			<string>com.apple.product-type.bundle.ui-testing</string>
		</dict>
		<key>FC3719711D83BC150098B3D9</key>
		<dict>
			<key>explicitFileType</key>
			<string>wrapper.cfbundle</string>
			<key>includeInIndex</key>
			<string>0</string>
			<key>isa</key>
			<string>PBXFileReference</string>
			<key>path</key>
			<string>BrowserAppUITests.xctest</string>
			<key>sourceTree</key>
			<string>BUILT_PRODUCTS_DIR</string>
		</dict>
		<key>FC3719721D83BC150098B3D9</key>
		<dict>
			<key>containerPortal</key>
			<string>FC37194A1D83BC140098B3D9</string>
			<key>isa</key>
			<string>PBXContainerItemProxy</string>
			<key>proxyType</key>
			<string>1</string>
			<key>remoteGlobalIDString</key>
			<string>FC3719511D83BC140098B3D9</string>
			<key>remoteInfo</key>
			<string>BrowserApp</string>
		</dict>
		<key>FC3719731D83BC150098B3D9</key>
		<dict>
			<key>isa</key>
			<string>PBXTargetDependency</string>
			<key>target</key>
			<string>FC3719511D83BC140098B3D9</string>
			<key>targetProxy</key>
			<string>FC3719721D83BC150098B3D9</string>
		</dict>
		<key>FC3719741D83BC150098B3D9</key>
		<dict>
			<key>children</key>
			<array>
				<string>FC3719751D83BC150098B3D9</string>
				<string>FC3719771D83BC150098B3D9</string>
			</array>
			<key>isa</key>
			<string>PBXGroup</string>
			<key>path</key>
			<string>BrowserAppUITests</string>
			<key>sourceTree</key>
			<string>&lt;group&gt;</string>
		</dict>
		<key>FC3719751D83BC150098B3D9</key>
		<dict>
			<key>isa</key>
			<string>PBXFileReference</string>
			<key>lastKnownFileType</key>
			<string>sourcecode.swift</string>
			<key>path</key>
			<string>BrowserAppUITests.swift</string>
			<key>sourceTree</key>
			<string>&lt;group&gt;</string>
		</dict>
		<key>FC3719761D83BC150098B3D9</key>
		<dict>
			<key>fileRef</key>
			<string>FC3719751D83BC150098B3D9</string>
			<key>isa</key>
			<string>PBXBuildFile</string>
		</dict>
		<key>FC3719771D83BC150098B3D9</key>
		<dict>
			<key>isa</key>
			<string>PBXFileReference</string>
			<key>lastKnownFileType</key>
			<string>text.plist.xml</string>
			<key>path</key>
			<string>Info.plist</string>
			<key>sourceTree</key>
			<string>&lt;group&gt;</string>
		</dict>
		<key>FC3719781D83BC150098B3D9</key>
		<dict>
			<key>buildSettings</key>
			<dict>
				<key>ALWAYS_SEARCH_USER_PATHS</key>
				<string>NO</string>
				<key>CLANG_ANALYZER_NONNULL</key>
				<string>YES</string>
				<key>CLANG_CXX_LANGUAGE_STANDARD</key>
				<string>gnu++0x</string>
				<key>CLANG_CXX_LIBRARY</key>
				<string>libc++</string>
				<key>CLANG_ENABLE_MODULES</key>
				<string>YES</string>
				<key>CLANG_ENABLE_OBJC_ARC</key>
				<string>YES</string>
				<key>CLANG_WARN_BOOL_CONVERSION</key>
				<string>YES</string>
				<key>CLANG_WARN_CONSTANT_CONVERSION</key>
				<string>YES</string>
				<key>CLANG_WARN_DIRECT_OBJC_ISA_USAGE</key>
				<string>YES_ERROR</string>
				<key>CLANG_WARN_EMPTY_BODY</key>
				<string>YES</string>
				<key>CLANG_WARN_ENUM_CONVERSION</key>
				<string>YES</string>
				<key>CLANG_WARN_INT_CONVERSION</key>
				<string>YES</string>
				<key>CLANG_WARN_OBJC_ROOT_CLASS</key>
				<string>YES_ERROR</string>
				<key>CLANG_WARN_UNREACHABLE_CODE</key>
				<string>YES</string>
				<key>CLANG_WARN__DUPLICATE_METHOD_MATCH</key>
				<string>YES</string>
				<key>CODE_SIGN_IDENTITY[sdk=iphoneos*]</key>
				<string>iPhone Developer</string>
				<key>COPY_PHASE_STRIP</key>
				<string>NO</string>
				<key>DEBUG_INFORMATION_FORMAT</key>
				<string>dwarf</string>
				<key>ENABLE_STRICT_OBJC_MSGSEND</key>
				<string>YES</string>
				<key>ENABLE_TESTABILITY</key>
				<string>YES</string>
				<key>GCC_C_LANGUAGE_STANDARD</key>
				<string>gnu99</string>
				<key>GCC_DYNAMIC_NO_PIC</key>
				<string>NO</string>
				<key>GCC_NO_COMMON_BLOCKS</key>
				<string>YES</string>
				<key>GCC_OPTIMIZATION_LEVEL</key>
				<string>0</string>
				<key>GCC_PREPROCESSOR_DEFINITIONS</key>
				<array>
					<string>DEBUG=1</string>
					<string>$(inherited)</string>
				</array>
				<key>GCC_WARN_64_TO_32_BIT_CONVERSION</key>
				<string>YES</string>
				<key>GCC_WARN_ABOUT_RETURN_TYPE</key>
				<string>YES_ERROR</string>
				<key>GCC_WARN_UNDECLARED_SELECTOR</key>
				<string>YES</string>
				<key>GCC_WARN_UNINITIALIZED_AUTOS</key>
				<string>YES_AGGRESSIVE</string>
				<key>GCC_WARN_UNUSED_FUNCTION</key>
				<string>YES</string>
				<key>GCC_WARN_UNUSED_VARIABLE</key>
				<string>YES</string>
				<key>IPHONEOS_DEPLOYMENT_TARGET</key>
				<string>9.3</string>
				<key>MTL_ENABLE_DEBUG_INFO</key>
				<string>YES</string>
				<key>ONLY_ACTIVE_ARCH</key>
				<string>YES</string>
				<key>SDKROOT</key>
				<string>iphoneos</string>
				<key>SWIFT_OPTIMIZATION_LEVEL</key>
				<string>-Onone</string>
			</dict>
			<key>isa</key>
			<string>XCBuildConfiguration</string>
			<key>name</key>
			<string>Debug</string>
		</dict>
		<key>FC3719791D83BC150098B3D9</key>
		<dict>
			<key>buildSettings</key>
			<dict>
				<key>ALWAYS_SEARCH_USER_PATHS</key>
				<string>NO</string>
				<key>CLANG_ANALYZER_NONNULL</key>
				<string>YES</string>
				<key>CLANG_CXX_LANGUAGE_STANDARD</key>
				<string>gnu++0x</string>
				<key>CLANG_CXX_LIBRARY</key>
				<string>libc++</string>
				<key>CLANG_ENABLE_MODULES</key>
				<string>YES</string>
				<key>CLANG_ENABLE_OBJC_ARC</key>
				<string>YES</string>
				<key>CLANG_WARN_BOOL_CONVERSION</key>
				<string>YES</string>
				<key>CLANG_WARN_CONSTANT_CONVERSION</key>
				<string>YES</string>
				<key>CLANG_WARN_DIRECT_OBJC_ISA_USAGE</key>
				<string>YES_ERROR</string>
				<key>CLANG_WARN_EMPTY_BODY</key>
				<string>YES</string>
				<key>CLANG_WARN_ENUM_CONVERSION</key>
				<string>YES</string>
				<key>CLANG_WARN_INT_CONVERSION</key>
				<string>YES</string>
				<key>CLANG_WARN_OBJC_ROOT_CLASS</key>
				<string>YES_ERROR</string>
				<key>CLANG_WARN_UNREACHABLE_CODE</key>
				<string>YES</string>
				<key>CLANG_WARN__DUPLICATE_METHOD_MATCH</key>
				<string>YES</string>
				<key>CODE_SIGN_IDENTITY[sdk=iphoneos*]</key>
				<string>iPhone Developer</string>
				<key>COPY_PHASE_STRIP</key>
				<string>NO</string>
				<key>DEBUG_INFORMATION_FORMAT</key>
				<string>dwarf-with-dsym</string>
				<key>ENABLE_NS_ASSERTIONS</key>
				<string>NO</string>
				<key>ENABLE_STRICT_OBJC_MSGSEND</key>
				<string>YES</string>
				<key>GCC_C_LANGUAGE_STANDARD</key>
				<string>gnu99</string>
				<key>GCC_NO_COMMON_BLOCKS</key>
				<string>YES</string>
				<key>GCC_WARN_64_TO_32_BIT_CONVERSION</key>
				<string>YES</string>
				<key>GCC_WARN_ABOUT_RETURN_TYPE</key>
				<string>YES_ERROR</string>
				<key>GCC_WARN_UNDECLARED_SELECTOR</key>
				<string>YES</string>
				<key>GCC_WARN_UNINITIALIZED_AUTOS</key>
				<string>YES_AGGRESSIVE</string>
				<key>GCC_WARN_UNUSED_FUNCTION</key>
				<string>YES</string>
				<key>GCC_WARN_UNUSED_VARIABLE</key>
				<string>YES</string>
				<key>IPHONEOS_DEPLOYMENT_TARGET</key>
				<string>9.3</string>
				<key>MTL_ENABLE_DEBUG_INFO</key>
				<string>NO</string>
				<key>SDKROOT</key>
				<string>iphoneos</string>
				<key>VALIDATE_PRODUCT</key>
				<string>YES</string>
			</dict>
			<key>isa</key>
			<string>XCBuildConfiguration</string>
			<key>name</key>
			<string>Release</string>
		</dict>
		<key>FC37197A1D83BC150098B3D9</key>
		<dict>
			<key>buildConfigurations</key>
			<array>
				<string>FC37197B1D83BC150098B3D9</string>
				<string>FC37197C1D83BC150098B3D9</string>
			</array>
			<key>defaultConfigurationIsVisible</key>
			<string>0</string>
			<key>defaultConfigurationName</key>
			<string>Release</string>
			<key>isa</key>
			<string>XCConfigurationList</string>
		</dict>
		<key>FC37197B1D83BC150098B3D9</key>
		<dict>
			<key>baseConfigurationReference</key>
			<string>2CD171F130E432411A8F5F77</string>
			<key>buildSettings</key>
			<dict>
				<key>ASSETCATALOG_COMPILER_APPICON_NAME</key>
				<string>AppIcon</string>
				<key>FRAMEWORK_SEARCH_PATHS</key>
				<array>
					<string>$(inherited)</string>
					<string>$(PROJECT_DIR)/build/Debug-iphoneos</string>
				</array>
				<key>INFOPLIST_FILE</key>
				<string>BrowserApp/Info.plist</string>
				<key>LD_RUNPATH_SEARCH_PATHS</key>
				<string>$(inherited) @executable_path/Frameworks</string>
				<key>PRODUCT_BUNDLE_IDENTIFIER</key>
				<string>edu.self.BrowserApp</string>
				<key>PRODUCT_NAME</key>
				<string>$(TARGET_NAME)</string>
			</dict>
			<key>isa</key>
			<string>XCBuildConfiguration</string>
			<key>name</key>
			<string>Debug</string>
		</dict>
		<key>FC37197C1D83BC150098B3D9</key>
		<dict>
			<key>baseConfigurationReference</key>
			<string>6707A75EB2AA6B385E556F52</string>
			<key>buildSettings</key>
			<dict>
				<key>ASSETCATALOG_COMPILER_APPICON_NAME</key>
				<string>AppIcon</string>
				<key>FRAMEWORK_SEARCH_PATHS</key>
				<array>
					<string>$(inherited)</string>
					<string>$(PROJECT_DIR)/build/Debug-iphoneos</string>
				</array>
				<key>INFOPLIST_FILE</key>
				<string>BrowserApp/Info.plist</string>
				<key>LD_RUNPATH_SEARCH_PATHS</key>
				<string>$(inherited) @executable_path/Frameworks</string>
				<key>PRODUCT_BUNDLE_IDENTIFIER</key>
				<string>edu.self.BrowserApp</string>
				<key>PRODUCT_NAME</key>
				<string>$(TARGET_NAME)</string>
			</dict>
			<key>isa</key>
			<string>XCBuildConfiguration</string>
			<key>name</key>
			<string>Release</string>
		</dict>
		<key>FC37197D1D83BC150098B3D9</key>
		<dict>
			<key>buildConfigurations</key>
			<array>
				<string>FC37197E1D83BC150098B3D9</string>
				<string>FC37197F1D83BC150098B3D9</string>
			</array>
			<key>defaultConfigurationIsVisible</key>
			<string>0</string>
			<key>defaultConfigurationName</key>
			<string>Release</string>
			<key>isa</key>
			<string>XCConfigurationList</string>
		</dict>
		<key>FC37197E1D83BC150098B3D9</key>
		<dict>
			<key>baseConfigurationReference</key>
			<string>019683D71272EF54E26A4D28</string>
			<key>buildSettings</key>
			<dict>
				<key>BUNDLE_LOADER</key>
				<string>$(TEST_HOST)</string>
				<key>INFOPLIST_FILE</key>
				<string>BrowserAppTests/Info.plist</string>
				<key>LD_RUNPATH_SEARCH_PATHS</key>
				<string>$(inherited) @executable_path/Frameworks @loader_path/Frameworks</string>
				<key>PRODUCT_BUNDLE_IDENTIFIER</key>
				<string>edu.self.BrowserAppTests</string>
				<key>PRODUCT_NAME</key>
				<string>$(TARGET_NAME)</string>
				<key>TEST_HOST</key>
				<string>$(BUILT_PRODUCTS_DIR)/BrowserApp.app/BrowserApp</string>
			</dict>
			<key>isa</key>
			<string>XCBuildConfiguration</string>
			<key>name</key>
			<string>Debug</string>
		</dict>
		<key>FC37197F1D83BC150098B3D9</key>
		<dict>
			<key>baseConfigurationReference</key>
			<string>28B0612FDDD082281980A345</string>
			<key>buildSettings</key>
			<dict>
				<key>BUNDLE_LOADER</key>
				<string>$(TEST_HOST)</string>
				<key>INFOPLIST_FILE</key>
				<string>BrowserAppTests/Info.plist</string>
				<key>LD_RUNPATH_SEARCH_PATHS</key>
				<string>$(inherited) @executable_path/Frameworks @loader_path/Frameworks</string>
				<key>PRODUCT_BUNDLE_IDENTIFIER</key>
				<string>edu.self.BrowserAppTests</string>
				<key>PRODUCT_NAME</key>
				<string>$(TARGET_NAME)</string>
				<key>TEST_HOST</key>
				<string>$(BUILT_PRODUCTS_DIR)/BrowserApp.app/BrowserApp</string>
			</dict>
			<key>isa</key>
			<string>XCBuildConfiguration</string>
			<key>name</key>
			<string>Release</string>
		</dict>
		<key>FC3719801D83BC150098B3D9</key>
		<dict>
			<key>buildConfigurations</key>
			<array>
				<string>FC3719811D83BC150098B3D9</string>
				<string>FC3719821D83BC150098B3D9</string>
			</array>
			<key>defaultConfigurationIsVisible</key>
			<string>0</string>
			<key>defaultConfigurationName</key>
			<string>Release</string>
			<key>isa</key>
			<string>XCConfigurationList</string>
		</dict>
		<key>FC3719811D83BC150098B3D9</key>
		<dict>
			<key>buildSettings</key>
			<dict>
				<key>INFOPLIST_FILE</key>
				<string>BrowserAppUITests/Info.plist</string>
				<key>LD_RUNPATH_SEARCH_PATHS</key>
				<string>$(inherited) @executable_path/Frameworks @loader_path/Frameworks</string>
				<key>PRODUCT_BUNDLE_IDENTIFIER</key>
				<string>edu.self.BrowserAppUITests</string>
				<key>PRODUCT_NAME</key>
				<string>$(TARGET_NAME)</string>
				<key>TEST_TARGET_NAME</key>
				<string>BrowserApp</string>
			</dict>
			<key>isa</key>
			<string>XCBuildConfiguration</string>
			<key>name</key>
			<string>Debug</string>
		</dict>
		<key>FC3719821D83BC150098B3D9</key>
		<dict>
			<key>buildSettings</key>
			<dict>
				<key>INFOPLIST_FILE</key>
				<string>BrowserAppUITests/Info.plist</string>
				<key>LD_RUNPATH_SEARCH_PATHS</key>
				<string>$(inherited) @executable_path/Frameworks @loader_path/Frameworks</string>
				<key>PRODUCT_BUNDLE_IDENTIFIER</key>
				<string>edu.self.BrowserAppUITests</string>
				<key>PRODUCT_NAME</key>
				<string>$(TARGET_NAME)</string>
				<key>TEST_TARGET_NAME</key>
				<string>BrowserApp</string>
			</dict>
			<key>isa</key>
			<string>XCBuildConfiguration</string>
			<key>name</key>
			<string>Release</string>
		</dict>
	</dict>
	<key>rootObject</key>
	<string>FC37194A1D83BC140098B3D9</string>
</dict>
</plist>
